
Microsoft Visual Studio Solution File, Format Version 12.00
# Visual Studio Version 16
VisualStudioVersion = 16.0.29519.87
MinimumVisualStudioVersion = 10.0.40219.1
Project("{FAE04EC0-301F-11D3-BF4B-00C04F79EFBC}") = "ChinookPlayground.WebMvc", "ChinookPlayground.WebMvc\ChinookPlayground.WebMvc.csproj", "{9D2EDD67-4F24-4502-A642-63731FF944AA}"
EndProject
Global
	GlobalSection(SolutionConfigurationPlatforms) = preSolution
		Debug|Any CPU = Debug|Any CPU
		Release|Any CPU = Release|Any CPU
	EndGlobalSection
	GlobalSection(ProjectConfigurationPlatforms) = postSolution
		{9D2EDD67-4F24-4502-A642-63731FF944AA}.Debug|Any CPU.ActiveCfg = Debug|Any CPU
		{9D2EDD67-4F24-4502-A642-63731FF944AA}.Debug|Any CPU.Build.0 = Debug|Any CPU
		{9D2EDD67-4F24-4502-A642-63731FF944AA}.Release|Any CPU.ActiveCfg = Release|Any CPU
		{9D2EDD67-4F24-4502-A642-63731FF944AA}.Release|Any CPU.Build.0 = Release|Any CPU
	EndGlobalSection
	GlobalSection(SolutionProperties) = preSolution
		HideSolutionNode = FALSE
	EndGlobalSection
	GlobalSection(ExtensibilityGlobals) = postSolution
		SolutionGuid = {304DD6FE-4BDE-4875-9738-9672C534BE17}
	EndGlobalSection
EndGlobal
